// !$*UTF8*$!
{
	archiveVersion = 1;
	classes = {
	};
	objectVersion = 77;
	objects = {

/* Begin PBXBuildFile section */
		D949C0D12D9D8FD2000F49BB /* ChallengesView.swift in Sources */ = {isa = PBXBuildFile; fileRef = D949C0CF2D9D8FCE000F49BB /* ChallengesView.swift */; };
/* End PBXBuildFile section */

/* Begin PBXContainerItemProxy section */
		D949C0A32D9CA4BB000F49BB /* PBXContainerItemProxy */ = {
			isa = PBXContainerItemProxy;
			containerPortal = D949C08A2D9CA4BA000F49BB /* Project object */;
			proxyType = 1;
			remoteGlobalIDString = D949C0912D9CA4BA000F49BB;
			remoteInfo = GreenScore;
		};
		D949C0AD2D9CA4BB000F49BB /* PBXContainerItemProxy */ = {
			isa = PBXContainerItemProxy;
			containerPortal = D949C08A2D9CA4BA000F49BB /* Project object */;
			proxyType = 1;
			remoteGlobalIDString = D949C0912D9CA4BA000F49BB;
			remoteInfo = GreenScore;
		};
/* End PBXContainerItemProxy section */

/* Begin PBXFileReference section */
		D949C0922D9CA4BA000F49BB /* GreenScore.app */ = {isa = PBXFileReference; explicitFileType = wrapper.application; includeInIndex = 0; path = GreenScore.app; sourceTree = BUILT_PRODUCTS_DIR; };
		D949C0A22D9CA4BB000F49BB /* GreenScoreTests.xctest */ = {isa = PBXFileReference; explicitFileType = wrapper.cfbundle; includeInIndex = 0; path = GreenScoreTests.xctest; sourceTree = BUILT_PRODUCTS_DIR; };
		D949C0AC2D9CA4BB000F49BB /* GreenScoreUITests.xctest */ = {isa = PBXFileReference; explicitFileType = wrapper.cfbundle; includeInIndex = 0; path = GreenScoreUITests.xctest; sourceTree = BUILT_PRODUCTS_DIR; };
		D949C0CF2D9D8FCE000F49BB /* ChallengesView.swift */ = {isa = PBXFileReference; lastKnownFileType = sourcecode.swift; path = ChallengesView.swift; sourceTree = "<group>"; };
/* End PBXFileReference section */

/* Begin PBXFileSystemSynchronizedRootGroup section */
		D949C0942D9CA4BA000F49BB /* GreenScore */ = {
			isa = PBXFileSystemSynchronizedRootGroup;
			path = GreenScore;
			sourceTree = "<group>";
		};
		D949C0A52D9CA4BB000F49BB /* GreenScoreTests */ = {
			isa = PBXFileSystemSynchronizedRootGroup;
			path = GreenScoreTests;
			sourceTree = "<group>";
		};
		D949C0AF2D9CA4BB000F49BB /* GreenScoreUITests */ = {
			isa = PBXFileSystemSynchronizedRootGroup;
			path = GreenScoreUITests;
			sourceTree = "<group>";
		};
/* End PBXFileSystemSynchronizedRootGroup section */

/* Begin PBXFrameworksBuildPhase section */
		D949C08F2D9CA4BA000F49BB /* Frameworks */ = {
			isa = PBXFrameworksBuildPhase;
			buildActionMask = 2147483647;
			files = (
			);
			runOnlyForDeploymentPostprocessing = 0;
		};
		D949C09F2D9CA4BB000F49BB /* Frameworks */ = {
			isa = PBXFrameworksBuildPhase;
			buildActionMask = 2147483647;
			files = (
			);
			runOnlyForDeploymentPostprocessing = 0;
		};
		D949C0A92D9CA4BB000F49BB /* Frameworks */ = {
			isa = PBXFrameworksBuildPhase;
			buildActionMask = 2147483647;
			files = (
			);
			runOnlyForDeploymentPostprocessing = 0;
		};
/* End PBXFrameworksBuildPhase section */

/* Begin PBXGroup section */
		D949C0892D9CA4BA000F49BB = {
			isa = PBXGroup;
			children = (
				D949C0942D9CA4BA000F49BB /* GreenScore */,
				D949C0A52D9CA4BB000F49BB /* GreenScoreTests */,
				D949C0AF2D9CA4BB000F49BB /* GreenScoreUITests */,
				D949C0932D9CA4BA000F49BB /* Products */,
				D949C0CF2D9D8FCE000F49BB /* ChallengesView.swift */,
			);
			sourceTree = "<group>";
		};
		D949C0932D9CA4BA000F49BB /* Products */ = {
			isa = PBXGroup;
			children = (
				D949C0922D9CA4BA000F49BB /* GreenScore.app */,
				D949C0A22D9CA4BB000F49BB /* GreenScoreTests.xctest */,
				D949C0AC2D9CA4BB000F49BB /* GreenScoreUITests.xctest */,
			);
			name = Products;
			sourceTree = "<group>";
		};
/* End PBXGroup section */

/* Begin PBXNativeTarget section */
		D949C0912D9CA4BA000F49BB /* GreenScore */ = {
			isa = PBXNativeTarget;
			buildConfigurationList = D949C0B62D9CA4BB000F49BB /* Build configuration list for PBXNativeTarget "GreenScore" */;
			buildPhases = (
				D949C08E2D9CA4BA000F49BB /* Sources */,
				D949C08F2D9CA4BA000F49BB /* Frameworks */,
				D949C0902D9CA4BA000F49BB /* Resources */,
			);
			buildRules = (
			);
			dependencies = (
			);
			fileSystemSynchronizedGroups = (
				D949C0942D9CA4BA000F49BB /* GreenScore */,
			);
			name = GreenScore;
			packageProductDependencies = (
			);
			productName = GreenScore;
			productReference = D949C0922D9CA4BA000F49BB /* GreenScore.app */;
			productType = "com.apple.product-type.application";
		};
		D949C0A12D9CA4BB000F49BB /* GreenScoreTests */ = {
			isa = PBXNativeTarget;
			buildConfigurationList = D949C0B92D9CA4BB000F49BB /* Build configuration list for PBXNativeTarget "GreenScoreTests" */;
			buildPhases = (
				D949C09E2D9CA4BB000F49BB /* Sources */,
				D949C09F2D9CA4BB000F49BB /* Frameworks */,
				D949C0A02D9CA4BB000F49BB /* Resources */,
			);
			buildRules = (
			);
			dependencies = (
				D949C0A42D9CA4BB000F49BB /* PBXTargetDependency */,
			);
			fileSystemSynchronizedGroups = (
				D949C0A52D9CA4BB000F49BB /* GreenScoreTests */,
			);
			name = GreenScoreTests;
			packageProductDependencies = (
			);
			productName = GreenScoreTests;
			productReference = D949C0A22D9CA4BB000F49BB /* GreenScoreTests.xctest */;
			productType = "com.apple.product-type.bundle.unit-test";
		};
		D949C0AB2D9CA4BB000F49BB /* GreenScoreUITests */ = {
			isa = PBXNativeTarget;
			buildConfigurationList = D949C0BC2D9CA4BB000F49BB /* Build configuration list for PBXNativeTarget "GreenScoreUITests" */;
			buildPhases = (
				D949C0A82D9CA4BB000F49BB /* Sources */,
				D949C0A92D9CA4BB000F49BB /* Frameworks */,
				D949C0AA2D9CA4BB000F49BB /* Resources */,
			);
			buildRules = (
			);
			dependencies = (
				D949C0AE2D9CA4BB000F49BB /* PBXTargetDependency */,
			);
			fileSystemSynchronizedGroups = (
				D949C0AF2D9CA4BB000F49BB /* GreenScoreUITests */,
			);
			name = GreenScoreUITests;
			packageProductDependencies = (
			);
			productName = GreenScoreUITests;
			productReference = D949C0AC2D9CA4BB000F49BB /* GreenScoreUITests.xctest */;
			productType = "com.apple.product-type.bundle.ui-testing";
		};
/* End PBXNativeTarget section */

/* Begin PBXProject section */
		D949C08A2D9CA4BA000F49BB /* Project object */ = {
			isa = PBXProject;
			attributes = {
				BuildIndependentTargetsInParallel = 1;
				LastSwiftUpdateCheck = 1620;
				LastUpgradeCheck = 1620;
				TargetAttributes = {
					D949C0912D9CA4BA000F49BB = {
						CreatedOnToolsVersion = 16.2;
					};
					D949C0A12D9CA4BB000F49BB = {
						CreatedOnToolsVersion = 16.2;
						TestTargetID = D949C0912D9CA4BA000F49BB;
					};
					D949C0AB2D9CA4BB000F49BB = {
						CreatedOnToolsVersion = 16.2;
						TestTargetID = D949C0912D9CA4BA000F49BB;
					};
				};
			};
			buildConfigurationList = D949C08D2D9CA4BA000F49BB /* Build configuration list for PBXProject "GreenScore" */;
			developmentRegion = en;
			hasScannedForEncodings = 0;
			knownRegions = (
				en,
				Base,
			);
			mainGroup = D949C0892D9CA4BA000F49BB;
			minimizedProjectReferenceProxies = 1;
			preferredProjectObjectVersion = 77;
			productRefGroup = D949C0932D9CA4BA000F49BB /* Products */;
			projectDirPath = "";
			projectRoot = "";
			targets = (
				D949C0912D9CA4BA000F49BB /* GreenScore */,
				D949C0A12D9CA4BB000F49BB /* GreenScoreTests */,
				D949C0AB2D9CA4BB000F49BB /* GreenScoreUITests */,
			);
		};
/* End PBXProject section */

/* Begin PBXResourcesBuildPhase section */
		D949C0902D9CA4BA000F49BB /* Resources */ = {
			isa = PBXResourcesBuildPhase;
			buildActionMask = 2147483647;
			files = (
			);
			runOnlyForDeploymentPostprocessing = 0;
		};
		D949C0A02D9CA4BB000F49BB /* Resources */ = {
			isa = PBXResourcesBuildPhase;
			buildActionMask = 2147483647;
			files = (
			);
			runOnlyForDeploymentPostprocessing = 0;
		};
		D949C0AA2D9CA4BB000F49BB /* Resources */ = {
			isa = PBXResourcesBuildPhase;
			buildActionMask = 2147483647;
			files = (
			);
			runOnlyForDeploymentPostprocessing = 0;
		};
/* End PBXResourcesBuildPhase section */

/* Begin PBXSourcesBuildPhase section */
		D949C08E2D9CA4BA000F49BB /* Sources */ = {
			isa = PBXSourcesBuildPhase;
			buildActionMask = 2147483647;
			files = (
				D949C0D12D9D8FD2000F49BB /* ChallengesView.swift in Sources */,
			);
			runOnlyForDeploymentPostprocessing = 0;
		};
		D949C09E2D9CA4BB000F49BB /* Sources */ = {
			isa = PBXSourcesBuildPhase;
			buildActionMask = 2147483647;
			files = (
			);
			runOnlyForDeploymentPostprocessing = 0;
		};
		D949C0A82D9CA4BB000F49BB /* Sources */ = {
			isa = PBXSourcesBuildPhase;
			buildActionMask = 2147483647;
			files = (
			);
			runOnlyForDeploymentPostprocessing = 0;
		};
/* End PBXSourcesBuildPhase section */

/* Begin PBXTargetDependency section */
		D949C0A42D9CA4BB000F49BB /* PBXTargetDependency */ = {
			isa = PBXTargetDependency;
			target = D949C0912D9CA4BA000F49BB /* GreenScore */;
			targetProxy = D949C0A32D9CA4BB000F49BB /* PBXContainerItemProxy */;
		};
		D949C0AE2D9CA4BB000F49BB /* PBXTargetDependency */ = {
			isa = PBXTargetDependency;
			target = D949C0912D9CA4BA000F49BB /* GreenScore */;
			targetProxy = D949C0AD2D9CA4BB000F49BB /* PBXContainerItemProxy */;
		};
/* End PBXTargetDependency section */

/* Begin XCBuildConfiguration section */
		D949C0B42D9CA4BB000F49BB /* Debug */ = {
			isa = XCBuildConfiguration;
			buildSettings = {
				ALWAYS_SEARCH_USER_PATHS = NO;
				ASSETCATALOG_COMPILER_GENERATE_SWIFT_ASSET_SYMBOL_EXTENSIONS = YES;
				CLANG_ANALYZER_NONNULL = YES;
				CLANG_ANALYZER_NUMBER_OBJECT_CONVERSION = YES_AGGRESSIVE;
				CLANG_CXX_LANGUAGE_STANDARD = "gnu++20";
				CLANG_ENABLE_MODULES = YES;
				CLANG_ENABLE_OBJC_ARC = YES;
				CLANG_ENABLE_OBJC_WEAK = YES;
				CLANG_WARN_BLOCK_CAPTURE_AUTORELEASING = YES;
				CLANG_WARN_BOOL_CONVERSION = YES;
				CLANG_WARN_COMMA = YES;
				CLANG_WARN_CONSTANT_CONVERSION = YES;
				CLANG_WARN_DEPRECATED_OBJC_IMPLEMENTATIONS = YES;
				CLANG_WARN_DIRECT_OBJC_ISA_USAGE = YES_ERROR;
				CLANG_WARN_DOCUMENTATION_COMMENTS = YES;
				CLANG_WARN_EMPTY_BODY = YES;
				CLANG_WARN_ENUM_CONVERSION = YES;
				CLANG_WARN_INFINITE_RECURSION = YES;
				CLANG_WARN_INT_CONVERSION = YES;
				CLANG_WARN_NON_LITERAL_NULL_CONVERSION = YES;
				CLANG_WARN_OBJC_IMPLICIT_RETAIN_SELF = YES;
				CLANG_WARN_OBJC_LITERAL_CONVERSION = YES;
				CLANG_WARN_OBJC_ROOT_CLASS = YES_ERROR;
				CLANG_WARN_QUOTED_INCLUDE_IN_FRAMEWORK_HEADER = YES;
				CLANG_WARN_RANGE_LOOP_ANALYSIS = YES;
				CLANG_WARN_STRICT_PROTOTYPES = YES;
				CLANG_WARN_SUSPICIOUS_MOVE = YES;
				CLANG_WARN_UNGUARDED_AVAILABILITY = YES_AGGRESSIVE;
				CLANG_WARN_UNREACHABLE_CODE = YES;
				CLANG_WARN__DUPLICATE_METHOD_MATCH = YES;
				COPY_PHASE_STRIP = NO;
				DEBUG_INFORMATION_FORMAT = dwarf;
				ENABLE_STRICT_OBJC_MSGSEND = YES;
				ENABLE_TESTABILITY = YES;
				ENABLE_USER_SCRIPT_SANDBOXING = YES;
				GCC_C_LANGUAGE_STANDARD = gnu17;
				GCC_DYNAMIC_NO_PIC = NO;
				GCC_NO_COMMON_BLOCKS = YES;
				GCC_OPTIMIZATION_LEVEL = 0;
				GCC_PREPROCESSOR_DEFINITIONS = (
					"DEBUG=1",
					"$(inherited)",
				);
				GCC_WARN_64_TO_32_BIT_CONVERSION = YES;
				GCC_WARN_ABOUT_RETURN_TYPE = YES_ERROR;
				GCC_WARN_UNDECLARED_SELECTOR = YES;
				GCC_WARN_UNINITIALIZED_AUTOS = YES_AGGRESSIVE;
				GCC_WARN_UNUSED_FUNCTION = YES;
				GCC_WARN_UNUSED_VARIABLE = YES;
				IPHONEOS_DEPLOYMENT_TARGET = 18.2;
				LOCALIZATION_PREFERS_STRING_CATALOGS = YES;
				MTL_ENABLE_DEBUG_INFO = INCLUDE_SOURCE;
				MTL_FAST_MATH = YES;
				ONLY_ACTIVE_ARCH = YES;
				SDKROOT = iphoneos;
				SWIFT_ACTIVE_COMPILATION_CONDITIONS = "DEBUG $(inherited)";
				SWIFT_OPTIMIZATION_LEVEL = "-Onone";
			};
			name = Debug;
		};
		D949C0B52D9CA4BB000F49BB /* Release */ = {
			isa = XCBuildConfiguration;
			buildSettings = {
				ALWAYS_SEARCH_USER_PATHS = NO;
				ASSETCATALOG_COMPILER_GENERATE_SWIFT_ASSET_SYMBOL_EXTENSIONS = YES;
				CLANG_ANALYZER_NONNULL = YES;
				CLANG_ANALYZER_NUMBER_OBJECT_CONVERSION = YES_AGGRESSIVE;
				CLANG_CXX_LANGUAGE_STANDARD = "gnu++20";
				CLANG_ENABLE_MODULES = YES;
				CLANG_ENABLE_OBJC_ARC = YES;
				CLANG_ENABLE_OBJC_WEAK = YES;
				CLANG_WARN_BLOCK_CAPTURE_AUTORELEASING = YES;
				CLANG_WARN_BOOL_CONVERSION = YES;
				CLANG_WARN_COMMA = YES;
				CLANG_WARN_CONSTANT_CONVERSION = YES;
				CLANG_WARN_DEPRECATED_OBJC_IMPLEMENTATIONS = YES;
				CLANG_WARN_DIRECT_OBJC_ISA_USAGE = YES_ERROR;
				CLANG_WARN_DOCUMENTATION_COMMENTS = YES;
				CLANG_WARN_EMPTY_BODY = YES;
				CLANG_WARN_ENUM_CONVERSION = YES;
				CLANG_WARN_INFINITE_RECURSION = YES;
				CLANG_WARN_INT_CONVERSION = YES;
				CLANG_WARN_NON_LITERAL_NULL_CONVERSION = YES;
				CLANG_WARN_OBJC_IMPLICIT_RETAIN_SELF = YES;
				CLANG_WARN_OBJC_LITERAL_CONVERSION = YES;
				CLANG_WARN_OBJC_ROOT_CLASS = YES_ERROR;
				CLANG_WARN_QUOTED_INCLUDE_IN_FRAMEWORK_HEADER = YES;
				CLANG_WARN_RANGE_LOOP_ANALYSIS = YES;
				CLANG_WARN_STRICT_PROTOTYPES = YES;
				CLANG_WARN_SUSPICIOUS_MOVE = YES;
				CLANG_WARN_UNGUARDED_AVAILABILITY = YES_AGGRESSIVE;
				CLANG_WARN_UNREACHABLE_CODE = YES;
				CLANG_WARN__DUPLICATE_METHOD_MATCH = YES;
				COPY_PHASE_STRIP = NO;
				DEBUG_INFORMATION_FORMAT = "dwarf-with-dsym";
				ENABLE_NS_ASSERTIONS = NO;
				ENABLE_STRICT_OBJC_MSGSEND = YES;
				ENABLE_USER_SCRIPT_SANDBOXING = YES;
				GCC_C_LANGUAGE_STANDARD = gnu17;
				GCC_NO_COMMON_BLOCKS = YES;
				GCC_WARN_64_TO_32_BIT_CONVERSION = YES;
				GCC_WARN_ABOUT_RETURN_TYPE = YES_ERROR;
				GCC_WARN_UNDECLARED_SELECTOR = YES;
				GCC_WARN_UNINITIALIZED_AUTOS = YES_AGGRESSIVE;
				GCC_WARN_UNUSED_FUNCTION = YES;
				GCC_WARN_UNUSED_VARIABLE = YES;
				IPHONEOS_DEPLOYMENT_TARGET = 18.2;
				LOCALIZATION_PREFERS_STRING_CATALOGS = YES;
				MTL_ENABLE_DEBUG_INFO = NO;
				MTL_FAST_MATH = YES;
				SDKROOT = iphoneos;
				SWIFT_COMPILATION_MODE = wholemodule;
				VALIDATE_PRODUCT = YES;
			};
			name = Release;
		};
		D949C0B72D9CA4BB000F49BB /* Debug */ = {
			isa = XCBuildConfiguration;
			buildSettings = {
				ASSETCATALOG_COMPILER_APPICON_NAME = AppIcon;
				ASSETCATALOG_COMPILER_GLOBAL_ACCENT_COLOR_NAME = AccentColor;
				CODE_SIGN_STYLE = Automatic;
				CURRENT_PROJECT_VERSION = 1;
				DEVELOPMENT_ASSET_PATHS = "\"GreenScore/Preview Content\"";
				DEVELOPMENT_TEAM = KF3Z37WX3U;
				ENABLE_PREVIEWS = YES;
				GENERATE_INFOPLIST_FILE = YES;
				INFOPLIST_KEY_UIApplicationSceneManifest_Generation = YES;
				INFOPLIST_KEY_UIApplicationSupportsIndirectInputEvents = YES;
				INFOPLIST_KEY_UILaunchScreen_Generation = YES;
				INFOPLIST_KEY_UISupportedInterfaceOrientations_iPad = "UIInterfaceOrientationPortrait UIInterfaceOrientationPortraitUpsideDown UIInterfaceOrientationLandscapeLeft UIInterfaceOrientationLandscapeRight";
				INFOPLIST_KEY_UISupportedInterfaceOrientations_iPhone = "UIInterfaceOrientationPortrait UIInterfaceOrientationLandscapeLeft UIInterfaceOrientationLandscapeRight";
				LD_RUNPATH_SEARCH_PATHS = (
					"$(inherited)",
					"@executable_path/Frameworks",
				);
				MARKETING_VERSION = 1.0;
				PRODUCT_BUNDLE_IDENTIFIER = com.yy.GreenScore;
				PRODUCT_NAME = "$(TARGET_NAME)";
				SWIFT_EMIT_LOC_STRINGS = YES;
				SWIFT_VERSION = 5.0;
				TARGETED_DEVICE_FAMILY = "1,2";
			};
			name = Debug;
		};
		D949C0B82D9CA4BB000F49BB /* Release */ = {
			isa = XCBuildConfiguration;
			buildSettings = {
				ASSETCATALOG_COMPILER_APPICON_NAME = AppIcon;
				ASSETCATALOG_COMPILER_GLOBAL_ACCENT_COLOR_NAME = AccentColor;
				CODE_SIGN_STYLE = Automatic;
				CURRENT_PROJECT_VERSION = 1;
				DEVELOPMENT_ASSET_PATHS = "\"GreenScore/Preview Content\"";
				DEVELOPMENT_TEAM = KF3Z37WX3U;
				ENABLE_PREVIEWS = YES;
				GENERATE_INFOPLIST_FILE = YES;
				INFOPLIST_KEY_UIApplicationSceneManifest_Generation = YES;
				INFOPLIST_KEY_UIApplicationSupportsIndirectInputEvents = YES;
				INFOPLIST_KEY_UILaunchScreen_Generation = YES;
				INFOPLIST_KEY_UISupportedInterfaceOrientations_iPad = "UIInterfaceOrientationPortrait UIInterfaceOrientationPortraitUpsideDown UIInterfaceOrientationLandscapeLeft UIInterfaceOrientationLandscapeRight";
				INFOPLIST_KEY_UISupportedInterfaceOrientations_iPhone = "UIInterfaceOrientationPortrait UIInterfaceOrientationLandscapeLeft UIInterfaceOrientationLandscapeRight";
				LD_RUNPATH_SEARCH_PATHS = (
					"$(inherited)",
					"@executable_path/Frameworks",
				);
				MARKETING_VERSION = 1.0;
				PRODUCT_BUNDLE_IDENTIFIER = com.yy.GreenScore;
				PRODUCT_NAME = "$(TARGET_NAME)";
				SWIFT_EMIT_LOC_STRINGS = YES;
				SWIFT_VERSION = 5.0;
				TARGETED_DEVICE_FAMILY = "1,2";
			};
			name = Release;
		};
		D949C0BA2D9CA4BB000F49BB /* Debug */ = {
			isa = XCBuildConfiguration;
			buildSettings = {
				BUNDLE_LOADER = "$(TEST_HOST)";
				CODE_SIGN_STYLE = Automatic;
				CURRENT_PROJECT_VERSION = 1;
				GENERATE_INFOPLIST_FILE = YES;
				IPHONEOS_DEPLOYMENT_TARGET = 18.2;
				MARKETING_VERSION = 1.0;
				PRODUCT_BUNDLE_IDENTIFIER = yy.GreenScoreTests;
				PRODUCT_NAME = "$(TARGET_NAME)";
				SWIFT_EMIT_LOC_STRINGS = NO;
				SWIFT_VERSION = 5.0;
				TARGETED_DEVICE_FAMILY = "1,2";
				TEST_HOST = "$(BUILT_PRODUCTS_DIR)/GreenScore.app/$(BUNDLE_EXECUTABLE_FOLDER_PATH)/GreenScore";
			};
			name = Debug;
		};
		D949C0BB2D9CA4BB000F49BB /* Release */ = {
			isa = XCBuildConfiguration;
			buildSettings = {
				BUNDLE_LOADER = "$(TEST_HOST)";
				CODE_SIGN_STYLE = Automatic;
				CURRENT_PROJECT_VERSION = 1;
				GENERATE_INFOPLIST_FILE = YES;
				IPHONEOS_DEPLOYMENT_TARGET = 18.2;
				MARKETING_VERSION = 1.0;
				PRODUCT_BUNDLE_IDENTIFIER = yy.GreenScoreTests;
				PRODUCT_NAME = "$(TARGET_NAME)";
				SWIFT_EMIT_LOC_STRINGS = NO;
				SWIFT_VERSION = 5.0;
				TARGETED_DEVICE_FAMILY = "1,2";
				TEST_HOST = "$(BUILT_PRODUCTS_DIR)/GreenScore.app/$(BUNDLE_EXECUTABLE_FOLDER_PATH)/GreenScore";
			};
			name = Release;
		};
		D949C0BD2D9CA4BB000F49BB /* Debug */ = {
			isa = XCBuildConfiguration;
			buildSettings = {
				CODE_SIGN_STYLE = Automatic;
				CURRENT_PROJECT_VERSION = 1;
				GENERATE_INFOPLIST_FILE = YES;
				MARKETING_VERSION = 1.0;
				PRODUCT_BUNDLE_IDENTIFIER = yy.GreenScoreUITests;
				PRODUCT_NAME = "$(TARGET_NAME)";
				SWIFT_EMIT_LOC_STRINGS = NO;
				SWIFT_VERSION = 5.0;
				TARGETED_DEVICE_FAMILY = "1,2";
				TEST_TARGET_NAME = GreenScore;
			};
			name = Debug;
		};
		D949C0BE2D9CA4BB000F49BB /* Release */ = {
			isa = XCBuildConfiguration;
			buildSettings = {
				CODE_SIGN_STYLE = Automatic;
				CURRENT_PROJECT_VERSION = 1;
				GENERATE_INFOPLIST_FILE = YES;
				MARKETING_VERSION = 1.0;
				PRODUCT_BUNDLE_IDENTIFIER = yy.GreenScoreUITests;
				PRODUCT_NAME = "$(TARGET_NAME)";
				SWIFT_EMIT_LOC_STRINGS = NO;
				SWIFT_VERSION = 5.0;
				TARGETED_DEVICE_FAMILY = "1,2";
				TEST_TARGET_NAME = GreenScore;
			};
			name = Release;
		};
/* End XCBuildConfiguration section */

/* Begin XCConfigurationList section */
		D949C08D2D9CA4BA000F49BB /* Build configuration list for PBXProject "GreenScore" */ = {
			isa = XCConfigurationList;
			buildConfigurations = (
				D949C0B42D9CA4BB000F49BB /* Debug */,
				D949C0B52D9CA4BB000F49BB /* Release */,
			);
			defaultConfigurationIsVisible = 0;
			defaultConfigurationName = Release;
		};
		D949C0B62D9CA4BB000F49BB /* Build configuration list for PBXNativeTarget "GreenScore" */ = {
			isa = XCConfigurationList;
			buildConfigurations = (
				D949C0B72D9CA4BB000F49BB /* Debug */,
				D949C0B82D9CA4BB000F49BB /* Release */,
			);
			defaultConfigurationIsVisible = 0;
			defaultConfigurationName = Release;
		};
		D949C0B92D9CA4BB000F49BB /* Build configuration list for PBXNativeTarget "GreenScoreTests" */ = {
			isa = XCConfigurationList;
			buildConfigurations = (
				D949C0BA2D9CA4BB000F49BB /* Debug */,
				D949C0BB2D9CA4BB000F49BB /* Release */,
			);
			defaultConfigurationIsVisible = 0;
			defaultConfigurationName = Release;
		};
		D949C0BC2D9CA4BB000F49BB /* Build configuration list for PBXNativeTarget "GreenScoreUITests" */ = {
			isa = XCConfigurationList;
			buildConfigurations = (
				D949C0BD2D9CA4BB000F49BB /* Debug */,
				D949C0BE2D9CA4BB000F49BB /* Release */,
			);
			defaultConfigurationIsVisible = 0;
			defaultConfigurationName = Release;
		};
/* End XCConfigurationList section */
	};
	rootObject = D949C08A2D9CA4BA000F49BB /* Project object */;
}
